
Microsoft Visual Studio Solution File, Format Version 12.00
# Visual Studio 2013
VisualStudioVersion = 12.0.21005.1
MinimumVisualStudioVersion = 10.0.40219.1
Project("{FAE04EC0-301F-11D3-BF4B-00C04F79EFBC}") = "DMSv1", "OQA_System1\DMSv1.csproj", "{B6408887-4A5B-41E1-B82A-D8C4848BF009}"
EndProject
Project("{FAE04EC0-301F-11D3-BF4B-00C04F79EFBC}") = "DataClassLibrary", "DataClassLibrary\DataClassLibrary.csproj", "{AA67CF68-3EFF-43B6-918F-82F0184F022A}"
EndProject
Global
	GlobalSection(SolutionConfigurationPlatforms) = preSolution
		Debug|Any CPU = Debug|Any CPU
		Release|Any CPU = Release|Any CPU
	EndGlobalSection
	GlobalSection(ProjectConfigurationPlatforms) = postSolution
		{B6408887-4A5B-41E1-B82A-D8C4848BF009}.Debug|Any CPU.ActiveCfg = Debug|Any CPU
		{B6408887-4A5B-41E1-B82A-D8C4848BF009}.Debug|Any CPU.Build.0 = Debug|Any CPU
		{B6408887-4A5B-41E1-B82A-D8C4848BF009}.Release|Any CPU.ActiveCfg = Release|Any CPU
		{B6408887-4A5B-41E1-B82A-D8C4848BF009}.Release|Any CPU.Build.0 = Release|Any CPU
		{AA67CF68-3EFF-43B6-918F-82F0184F022A}.Debug|Any CPU.ActiveCfg = Debug|Any CPU
		{AA67CF68-3EFF-43B6-918F-82F0184F022A}.Debug|Any CPU.Build.0 = Debug|Any CPU
		{AA67CF68-3EFF-43B6-918F-82F0184F022A}.Release|Any CPU.ActiveCfg = Release|Any CPU
		{AA67CF68-3EFF-43B6-918F-82F0184F022A}.Release|Any CPU.Build.0 = Release|Any CPU
	EndGlobalSection
	GlobalSection(SolutionProperties) = preSolution
		HideSolutionNode = FALSE
	EndGlobalSection
EndGlobal
